
Microsoft Visual Studio Solution File, Format Version 12.00
# Visual Studio Version 17
VisualStudioVersion = 17.4.33213.308
MinimumVisualStudioVersion = 10.0.40219.1
Project("{9A19103F-16F7-4668-BE54-9A1E7A4F7556}") = "API", "..\API\API.csproj", "{0EBB3277-D46F-455E-8AA3-5B014BC4E2A8}"
EndProject
Project("{9A19103F-16F7-4668-BE54-9A1E7A4F7556}") = "DATA_CLASSES", "..\DATA_CLASSES\DATA_CLASSES.csproj", "{2E643F2A-CCC0-44B8-A101-177ECA601918}"
EndProject
Project("{FAE04EC0-301F-11D3-BF4B-00C04F79EFBC}") = "GUI", "GUI\GUI.csproj", "{BFC94977-88D6-43F7-9A94-B1CCB0AF7755}"
	ProjectSection(ProjectDependencies) = postProject
		{2E643F2A-CCC0-44B8-A101-177ECA601918} = {2E643F2A-CCC0-44B8-A101-177ECA601918}
	EndProjectSection
EndProject
Global
	GlobalSection(SolutionConfigurationPlatforms) = preSolution
		Debug|Any CPU = Debug|Any CPU
		Release|Any CPU = Release|Any CPU
	EndGlobalSection
	GlobalSection(ProjectConfigurationPlatforms) = postSolution
		{0EBB3277-D46F-455E-8AA3-5B014BC4E2A8}.Debug|Any CPU.ActiveCfg = Debug|Any CPU
		{0EBB3277-D46F-455E-8AA3-5B014BC4E2A8}.Debug|Any CPU.Build.0 = Debug|Any CPU
		{0EBB3277-D46F-455E-8AA3-5B014BC4E2A8}.Release|Any CPU.ActiveCfg = Release|Any CPU
		{0EBB3277-D46F-455E-8AA3-5B014BC4E2A8}.Release|Any CPU.Build.0 = Release|Any CPU
		{2E643F2A-CCC0-44B8-A101-177ECA601918}.Debug|Any CPU.ActiveCfg = Debug|Any CPU
		{2E643F2A-CCC0-44B8-A101-177ECA601918}.Debug|Any CPU.Build.0 = Debug|Any CPU
		{2E643F2A-CCC0-44B8-A101-177ECA601918}.Release|Any CPU.ActiveCfg = Release|Any CPU
		{2E643F2A-CCC0-44B8-A101-177ECA601918}.Release|Any CPU.Build.0 = Release|Any CPU
		{BFC94977-88D6-43F7-9A94-B1CCB0AF7755}.Debug|Any CPU.ActiveCfg = Debug|Any CPU
		{BFC94977-88D6-43F7-9A94-B1CCB0AF7755}.Debug|Any CPU.Build.0 = Debug|Any CPU
		{BFC94977-88D6-43F7-9A94-B1CCB0AF7755}.Release|Any CPU.ActiveCfg = Release|Any CPU
		{BFC94977-88D6-43F7-9A94-B1CCB0AF7755}.Release|Any CPU.Build.0 = Release|Any CPU
	EndGlobalSection
	GlobalSection(SolutionProperties) = preSolution
		HideSolutionNode = FALSE
	EndGlobalSection
	GlobalSection(ExtensibilityGlobals) = postSolution
		SolutionGuid = {F83B8FA8-2F34-4BEA-A005-736F9B7FC7CC}
	EndGlobalSection
EndGlobal
